
Microsoft Visual Studio Solution File, Format Version 12.00
Project("{FAE04EC0-301F-11D3-BF4B-00C04F79EFBC}") = "AudioClib", "AudioClib\AudioClib.csproj", "{811A6573-F632-4692-9B6E-FDCB3C7C691E}"
EndProject
Global
	GlobalSection(SolutionConfigurationPlatforms) = preSolution
		Debug|Any CPU = Debug|Any CPU
		Release|Any CPU = Release|Any CPU
	EndGlobalSection
	GlobalSection(ProjectConfigurationPlatforms) = postSolution
		{811A6573-F632-4692-9B6E-FDCB3C7C691E}.Debug|Any CPU.ActiveCfg = Debug|Any CPU
		{811A6573-F632-4692-9B6E-FDCB3C7C691E}.Debug|Any CPU.Build.0 = Debug|Any CPU
		{811A6573-F632-4692-9B6E-FDCB3C7C691E}.Release|Any CPU.ActiveCfg = Release|Any CPU
		{811A6573-F632-4692-9B6E-FDCB3C7C691E}.Release|Any CPU.Build.0 = Release|Any CPU
	EndGlobalSection
EndGlobal
